
Microsoft Visual Studio Solution File, Format Version 12.00
# Visual Studio Version 17
VisualStudioVersion = 17.5.33424.131
MinimumVisualStudioVersion = 10.0.40219.1
Project("{FAE04EC0-301F-11D3-BF4B-00C04F79EFBC}") = "tpmodul4", "tpmodul4\tpmodul4.csproj", "{C074A587-252E-4EDC-B290-7454FDC50146}"
EndProject
Global
	GlobalSection(SolutionConfigurationPlatforms) = preSolution
		Debug|Any CPU = Debug|Any CPU
		Release|Any CPU = Release|Any CPU
	EndGlobalSection
	GlobalSection(ProjectConfigurationPlatforms) = postSolution
		{C074A587-252E-4EDC-B290-7454FDC50146}.Debug|Any CPU.ActiveCfg = Debug|Any CPU
		{C074A587-252E-4EDC-B290-7454FDC50146}.Debug|Any CPU.Build.0 = Debug|Any CPU
		{C074A587-252E-4EDC-B290-7454FDC50146}.Release|Any CPU.ActiveCfg = Release|Any CPU
		{C074A587-252E-4EDC-B290-7454FDC50146}.Release|Any CPU.Build.0 = Release|Any CPU
	EndGlobalSection
	GlobalSection(SolutionProperties) = preSolution
		HideSolutionNode = FALSE
	EndGlobalSection
	GlobalSection(ExtensibilityGlobals) = postSolution
		SolutionGuid = {A017A3E7-C8EC-4A83-BAAC-9D1A7C6BF7C2}
	EndGlobalSection
EndGlobal
